version = 1
revision = 3
requires-python = "==3.12.12"
resolution-markers = [
    "sys_platform != 'darwin'",
    "sys_platform == 'darwin'",
]

[[package]]
name = "anyascii"
version = "0.3.3"
source = { registry = "https://pypi.org/simple" }
sdist = { url = "https://files.pythonhosted.org/packages/db/ba/edebda727008390936da4a9bf677c19cd63b32d51e864656d2cbd1028e25/anyascii-0.3.3.tar.gz", hash = "sha256:c94e9dd9d47b3d9494eca305fef9447d00b4bf1a32aff85aa746fa3ec7fb95c3", size = 264680, upload-time = "2025-06-29T03:33:30.427Z" }
wheels = [
    { url = "https://files.pythonhosted.org/packages/c2/76/783b75a21ce3563b8709050de030ae253853b147bd52e141edc1025aa268/anyascii-0.3.3-py3-none-any.whl", hash = "sha256:f5ab5e53c8781a36b5a40e1296a0eeda2f48c649ef10c3921c1381b1d00dee7a", size = 345090, upload-time = "2025-06-29T03:33:28.356Z" },
]

[[package]]
name = "beautifulsoup4"
version = "4.14.3"
source = { registry = "https://pypi.org/simple" }
dependencies = [
    { name = "soupsieve" },
    { name = "typing-extensions" },
]
sdist = { url = "https://files.pythonhosted.org/packages/c3/b0/1c6a16426d389813b48d95e26898aff79abbde42ad353958ad95cc8c9b21/beautifulsoup4-4.14.3.tar.gz", hash = "sha256:6292b1c5186d356bba669ef9f7f051757099565ad9ada5dd630bd9de5fa7fb86", size = 627737, upload-time = "2025-11-30T15:08:26.084Z" }
wheels = [
    { url = "https://files.pythonhosted.org/packages/1a/39/47f9197bdd44df24d67ac8893641e16f386c984a0619ef2ee4c51fbbc019/beautifulsoup4-4.14.3-py3-none-any.whl", hash = "sha256:0918bfe44902e6ad8d57732ba310582e98da931428d231a5ecb9e7c703a735bb", size = 107721, upload-time = "2025-11-30T15:08:24.087Z" },
]

[[package]]
name = "certifi"
version = "2022.12.7"
source = { registry = "https://pypi.org/simple" }
sdist = { url = "https://files.pythonhosted.org/packages/37/f7/2b1b0ec44fdc30a3d31dfebe52226be9ddc40cd6c0f34ffc8923ba423b69/certifi-2022.12.7.tar.gz", hash = "sha256:35824b4c3a97115964b408844d64aa14db1cc518f6562e8d7261699d1350a9e3", size = 156897, upload-time = "2022-12-07T20:13:22.081Z" }
wheels = [
    { url = "https://files.pythonhosted.org/packages/71/4c/3db2b8021bd6f2f0ceb0e088d6b2d49147671f25832fb17970e9b583d742/certifi-2022.12.7-py3-none-any.whl", hash = "sha256:4ad3232f5e926d6718ec31cfc1fcadfde020920e278684144551c91769c7bc18", size = 155255, upload-time = "2022-12-07T20:13:19.428Z" },
]

[[package]]
name = "charset-normalizer"
version = "2.1.1"
source = { registry = "https://pypi.org/simple" }
sdist = { url = "https://files.pythonhosted.org/packages/a1/34/44964211e5410b051e4b8d2869c470ae8a68ae274953b1c7de6d98bbcf94/charset-normalizer-2.1.1.tar.gz", hash = "sha256:5a3d016c7c547f69d6f81fb0db9449ce888b418b5b9952cc5e6e66843e9dd845", size = 82360, upload-time = "2022-08-19T22:13:48.372Z" }
wheels = [
    { url = "https://files.pythonhosted.org/packages/db/51/a507c856293ab05cdc1db77ff4bc1268ddd39f29e7dc4919aa497f0adbec/charset_normalizer-2.1.1-py3-none-any.whl", hash = "sha256:83e9a75d1911279afd89352c68b45348559d1fc0506b054b346651b5e7fee29f", size = 39748, upload-time = "2022-08-19T22:13:46.702Z" },
]

[[package]]
name = "colorama"
version = "0.4.6"
source = { registry = "https://pypi.org/simple" }
sdist = { url = "https://files.pythonhosted.org/packages/d8/53/6f443c9a4a8358a93a6792e2acffb9d9d5cb0a5cfd8802644b7b1c9a02e4/colorama-0.4.6.tar.gz", hash = "sha256:08695f5cb7ed6e0531a20572697297273c47b8cae5a63ffc6d6ed5c201be6e44", size = 27697, upload-time = "2022-10-25T02:36:22.414Z" }
wheels = [
    { url = "https://files.pythonhosted.org/packages/d1/d6/3965ed04c63042e047cb6a3e6ed1a63a35087b6a609aa3a15ed8ac56c221/colorama-0.4.6-py2.py3-none-any.whl", hash = "sha256:4f1d9991f5acc0ca119f9d443620b77f9d6b33703e51011c16baf57afb285fc6", size = 25335, upload-time = "2022-10-25T02:36:20.889Z" },
]

[[package]]
name = "confluent-kafka"
version = "2.13.2"
source = { registry = "https://pypi.org/simple" }
sdist = { url = "https://files.pythonhosted.org/packages/7a/38/f5855cae6d328fa66e689d068709f91cbbd4d72e7e03959998bd43ac6b26/confluent_kafka-2.13.2.tar.gz", hash = "sha256:619d10d1d77c9821ba913b3e42a33ade7f889f3573c7f3c17b57c3056e3310f5", size = 276068, upload-time = "2026-03-02T12:53:31.457Z" }
wheels = [
    { url = "https://files.pythonhosted.org/packages/d9/d3/a845c6993a728b8b6bdce9b500d15c3ec3663cd95d2bbf9c1b8cfd519b17/confluent_kafka-2.13.2-cp312-cp312-macosx_10_9_x86_64.whl", hash = "sha256:e259c0d2b9a7e16211b45404f62869502246ac3d03e35a1f80720fd09d262457", size = 3635348, upload-time = "2026-03-02T12:52:50.927Z" },
    { url = "https://files.pythonhosted.org/packages/ab/22/1cb998f7b3ee613d5b29f4b98e4a7539776eb0819b89d7c3cdd19a685692/confluent_kafka-2.13.2-cp312-cp312-macosx_11_0_arm64.whl", hash = "sha256:77ea4ceccdbb67498787b7c02cc329c32417bb730e9383f46c74eb9c5851763c", size = 3194667, upload-time = "2026-03-02T12:52:53.468Z" },
    { url = "https://files.pythonhosted.org/packages/11/38/8a1b12321068e8ae126e62600a55d7a1872f969e1de5ec7f602e0dba8394/confluent_kafka-2.13.2-cp312-cp312-manylinux_2_28_aarch64.whl", hash = "sha256:a64a8967734f865f54b766553d63a40f17081cd3d2c6cfe6d3217aa7494d88fb", size = 3724453, upload-time = "2026-03-02T12:52:55.187Z" },
    { url = "https://files.pythonhosted.org/packages/5c/06/3effa66c59a69e17cc48c69ae2533699f4321fac1b46741f2e4b1aefb1e7/confluent_kafka-2.13.2-cp312-cp312-manylinux_2_28_x86_64.whl", hash = "sha256:e4cb7d112463ec15a01a3f0e0d20392cda6e46156a6439fcaaad2267696f5cde", size = 3980919, upload-time = "2026-03-02T12:52:56.852Z" },
    { url = "https://files.pythonhosted.org/packages/98/22/f76a8b85fad652b4d5c0a0259c8f7bb66393d2d9f277631c754c9ebe5092/confluent_kafka-2.13.2-cp312-cp312-win_amd64.whl", hash = "sha256:44496777ff0104421b8f4bb269728e8a5e772c09f34ae813bc47110e0172ebe0", size = 4097817, upload-time = "2026-03-02T12:52:58.831Z" },
]

[[package]]
name = "contractions"
version = "0.1.73"
source = { registry = "https://pypi.org/simple" }
dependencies = [
    { name = "textsearch" },
]
wheels = [
    { url = "https://files.pythonhosted.org/packages/bb/e4/725241b788963b460ce0118bfd5c505dd3d1bdd020ee740f9f39044ed4a7/contractions-0.1.73-py2.py3-none-any.whl", hash = "sha256:398cee3b69c37307a50dce4930d961a0f42b48fdae9562df73bed5683008d3bc", size = 8651, upload-time = "2022-11-15T14:05:54.573Z" },
]

[[package]]
name = "emoji"
version = "2.15.0"
source = { registry = "https://pypi.org/simple" }
sdist = { url = "https://files.pythonhosted.org/packages/a2/78/0d2db9382c92a163d7095fc08efff7800880f830a152cfced40161e7638d/emoji-2.15.0.tar.gz", hash = "sha256:eae4ab7d86456a70a00a985125a03263a5eac54cd55e51d7e184b1ed3b6757e4", size = 615483, upload-time = "2025-09-21T12:13:02.755Z" }
wheels = [
    { url = "https://files.pythonhosted.org/packages/e1/5e/4b5aaaabddfacfe36ba7768817bd1f71a7a810a43705e531f3ae4c690767/emoji-2.15.0-py3-none-any.whl", hash = "sha256:205296793d66a89d88af4688fa57fd6496732eb48917a87175a023c8138995eb", size = 608433, upload-time = "2025-09-21T12:13:01.197Z" },
]

[[package]]
name = "filelock"
version = "3.29.0"
source = { registry = "https://pypi.org/simple" }
sdist = { url = "https://files.pythonhosted.org/packages/b5/fe/997687a931ab51049acce6fa1f23e8f01216374ea81374ddee763c493db5/filelock-3.29.0.tar.gz", hash = "sha256:69974355e960702e789734cb4871f884ea6fe50bd8404051a3530bc07809cf90", size = 57571, upload-time = "2026-04-19T15:39:10.068Z" }
wheels = [
    { url = "https://files.pythonhosted.org/packages/81/47/dd9a212ef6e343a6857485ffe25bba537304f1913bdbed446a23f7f592e1/filelock-3.29.0-py3-none-any.whl", hash = "sha256:96f5f6344709aa1572bbf631c640e4ebeeb519e08da902c39a001882f30ac258", size = 39812, upload-time = "2026-04-19T15:39:08.752Z" },
]

[[package]]
name = "fsspec"
version = "2026.4.0"
source = { registry = "https://pypi.org/simple" }
sdist = { url = "https://files.pythonhosted.org/packages/d5/8d/1c51c094345df128ca4a990d633fe1a0ff28726c9e6b3c41ba65087bba1d/fsspec-2026.4.0.tar.gz", hash = "sha256:301d8ac70ae90ef3ad05dcf94d6c3754a097f9b5fe4667d2787aa359ec7df7e4", size = 312760, upload-time = "2026-04-29T20:42:38.635Z" }
wheels = [
    { url = "https://files.pythonhosted.org/packages/d5/0c/043d5e551459da400957a1395e0febbf771446ff34291afcbe3d8be2a279/fsspec-2026.4.0-py3-none-any.whl", hash = "sha256:11ef7bb35dab8a394fde6e608221d5cf3e8499401c249bebaeaad760a1a8dec2", size = 203402, upload-time = "2026-04-29T20:42:36.842Z" },
]

[[package]]
name = "idna"
version = "3.4"
source = { registry = "https://pypi.org/simple" }
sdist = { url = "https://files.pythonhosted.org/packages/8b/e1/43beb3d38dba6cb420cefa297822eac205a277ab43e5ba5d5c46faf96438/idna-3.4.tar.gz", hash = "sha256:814f528e8dead7d329833b91c5faa87d60bf71824cd12a7530b5526063d02cb4", size = 183077, upload-time = "2022-09-14T00:24:27.719Z" }
wheels = [
    { url = "https://files.pythonhosted.org/packages/fc/34/3030de6f1370931b9dbb4dad48f6ab1015ab1d32447850b9fc94e60097be/idna-3.4-py3-none-any.whl", hash = "sha256:90b77e79eaa3eba6de819a0c442c0b4ceefc341a7a2ab77d7562bf49f425c5c2", size = 61538, upload-time = "2022-09-14T00:24:23.22Z" },
]

[[package]]
name = "jinja2"
version = "3.1.6"
source = { registry = "https://pypi.org/simple" }
dependencies = [
    { name = "markupsafe" },
]
sdist = { url = "https://files.pythonhosted.org/packages/df/bf/f7da0350254c0ed7c72f3e33cef02e048281fec7ecec5f032d4aac52226b/jinja2-3.1.6.tar.gz", hash = "sha256:0137fb05990d35f1275a587e9aee6d56da821fc83491a0fb838183be43f66d6d", size = 245115, upload-time = "2025-03-05T20:05:02.478Z" }
wheels = [
    { url = "https://files.pythonhosted.org/packages/62/a1/3d680cbfd5f4b8f15abc1d571870c5fc3e594bb582bc3b64ea099db13e56/jinja2-3.1.6-py3-none-any.whl", hash = "sha256:85ece4451f492d0c13c5dd7c13a64681a86afae63a5f347908daf103ce6d2f67", size = 134899, upload-time = "2025-03-05T20:05:00.369Z" },
]

[[package]]
name = "markupsafe"
version = "3.0.3"
source = { registry = "https://pypi.org/simple" }
sdist = { url = "https://files.pythonhosted.org/packages/7e/99/7690b6d4034fffd95959cbe0c02de8deb3098cc577c67bb6a24fe5d7caa7/markupsafe-3.0.3.tar.gz", hash = "sha256:722695808f4b6457b320fdc131280796bdceb04ab50fe1795cd540799ebe1698", size = 80313, upload-time = "2025-09-27T18:37:40.426Z" }
wheels = [
    { url = "https://files.pythonhosted.org/packages/5a/72/147da192e38635ada20e0a2e1a51cf8823d2119ce8883f7053879c2199b5/markupsafe-3.0.3-cp312-cp312-macosx_10_13_x86_64.whl", hash = "sha256:d53197da72cc091b024dd97249dfc7794d6a56530370992a5e1a08983ad9230e", size = 11615, upload-time = "2025-09-27T18:36:30.854Z" },
    { url = "https://files.pythonhosted.org/packages/9a/81/7e4e08678a1f98521201c3079f77db69fb552acd56067661f8c2f534a718/markupsafe-3.0.3-cp312-cp312-macosx_11_0_arm64.whl", hash = "sha256:1872df69a4de6aead3491198eaf13810b565bdbeec3ae2dc8780f14458ec73ce", size = 12020, upload-time = "2025-09-27T18:36:31.971Z" },
    { url = "https://files.pythonhosted.org/packages/1e/2c/799f4742efc39633a1b54a92eec4082e4f815314869865d876824c257c1e/markupsafe-3.0.3-cp312-cp312-manylinux2014_aarch64.manylinux_2_17_aarch64.manylinux_2_28_aarch64.whl", hash = "sha256:3a7e8ae81ae39e62a41ec302f972ba6ae23a5c5396c8e60113e9066ef893da0d", size = 24332, upload-time = "2025-09-27T18:36:32.813Z" },
    { url = "https://files.pythonhosted.org/packages/3c/2e/8d0c2ab90a8c1d9a24f0399058ab8519a3279d1bd4289511d74e909f060e/markupsafe-3.0.3-cp312-cp312-manylinux2014_x86_64.manylinux_2_17_x86_64.manylinux_2_28_x86_64.whl", hash = "sha256:d6dd0be5b5b189d31db7cda48b91d7e0a9795f31430b7f271219ab30f1d3ac9d", size = 22947, upload-time = "2025-09-27T18:36:33.86Z" },
    { url = "https://files.pythonhosted.org/packages/2c/54/887f3092a85238093a0b2154bd629c89444f395618842e8b0c41783898ea/markupsafe-3.0.3-cp312-cp312-manylinux_2_31_riscv64.manylinux_2_39_riscv64.whl", hash = "sha256:94c6f0bb423f739146aec64595853541634bde58b2135f27f61c1ffd1cd4d16a", size = 21962, upload-time = "2025-09-27T18:36:35.099Z" },
    { url = "https://files.pythonhosted.org/packages/c9/2f/336b8c7b6f4a4d95e91119dc8521402461b74a485558d8f238a68312f11c/markupsafe-3.0.3-cp312-cp312-musllinux_1_2_aarch64.whl", hash = "sha256:be8813b57049a7dc738189df53d69395eba14fb99345e0a5994914a3864c8a4b", size = 23760, upload-time = "2025-09-27T18:36:36.001Z" },
    { url = "https://files.pythonhosted.org/packages/32/43/67935f2b7e4982ffb50a4d169b724d74b62a3964bc1a9a527f5ac4f1ee2b/markupsafe-3.0.3-cp312-cp312-musllinux_1_2_riscv64.whl", hash = "sha256:83891d0e9fb81a825d9a6d61e3f07550ca70a076484292a70fde82c4b807286f", size = 21529, upload-time = "2025-09-27T18:36:36.906Z" },
    { url = "https://files.pythonhosted.org/packages/89/e0/4486f11e51bbba8b0c041098859e869e304d1c261e59244baa3d295d47b7/markupsafe-3.0.3-cp312-cp312-musllinux_1_2_x86_64.whl", hash = "sha256:77f0643abe7495da77fb436f50f8dab76dbc6e5fd25d39589a0f1fe6548bfa2b", size = 23015, upload-time = "2025-09-27T18:36:37.868Z" },
    { url = "https://files.pythonhosted.org/packages/2f/e1/78ee7a023dac597a5825441ebd17170785a9dab23de95d2c7508ade94e0e/markupsafe-3.0.3-cp312-cp312-win32.whl", hash = "sha256:d88b440e37a16e651bda4c7c2b930eb586fd15ca7406cb39e211fcff3bf3017d", size = 14540, upload-time = "2025-09-27T18:36:38.761Z" },
    { url = "https://files.pythonhosted.org/packages/aa/5b/bec5aa9bbbb2c946ca2733ef9c4ca91c91b6a24580193e891b5f7dbe8e1e/markupsafe-3.0.3-cp312-cp312-win_amd64.whl", hash = "sha256:26a5784ded40c9e318cfc2bdb30fe164bdb8665ded9cd64d500a34fb42067b1c", size = 15105, upload-time = "2025-09-27T18:36:39.701Z" },
    { url = "https://files.pythonhosted.org/packages/e5/f1/216fc1bbfd74011693a4fd837e7026152e89c4bcf3e77b6692fba9923123/markupsafe-3.0.3-cp312-cp312-win_arm64.whl", hash = "sha256:35add3b638a5d900e807944a078b51922212fb3dedb01633a8defc4b01a3c85f", size = 13906, upload-time = "2025-09-27T18:36:40.689Z" },
]

[[package]]
name = "mpmath"
version = "1.3.0"
source = { registry = "https://pypi.org/simple" }
sdist = { url = "https://files.pythonhosted.org/packages/e0/47/dd32fa426cc72114383ac549964eecb20ecfd886d1e5ccf5340b55b02f57/mpmath-1.3.0.tar.gz", hash = "sha256:7a28eb2a9774d00c7bc92411c19a89209d5da7c4c9a9e227be8330a23a25b91f", size = 508106, upload-time = "2023-03-07T16:47:11.061Z" }
wheels = [
    { url = "https://files.pythonhosted.org/packages/43/e3/7d92a15f894aa0c9c4b49b8ee9ac9850d6e63b03c9c32c0367a13ae62209/mpmath-1.3.0-py3-none-any.whl", hash = "sha256:a0b2b9fe80bbcd81a6647ff13108738cfb482d481d826cc0e02f5b35e5c88d2c", size = 536198, upload-time = "2023-03-07T16:47:09.197Z" },
]

[[package]]
name = "networkx"
version = "3.6.1"
source = { registry = "https://pypi.org/simple" }
sdist = { url = "https://files.pythonhosted.org/packages/6a/51/63fe664f3908c97be9d2e4f1158eb633317598cfa6e1fc14af5383f17512/networkx-3.6.1.tar.gz", hash = "sha256:26b7c357accc0c8cde558ad486283728b65b6a95d85ee1cd66bafab4c8168509", size = 2517025, upload-time = "2025-12-08T17:02:39.908Z" }
wheels = [
    { url = "https://files.pythonhosted.org/packages/9e/c9/b2622292ea83fbb4ec318f5b9ab867d0a28ab43c5717bb85b0a5f6b3b0a4/networkx-3.6.1-py3-none-any.whl", hash = "sha256:d47fbf302e7d9cbbb9e2555a0d267983d2aa476bac30e90dfbe5669bd57f3762", size = 2068504, upload-time = "2025-12-08T17:02:38.159Z" },
]

[[package]]
name = "numpy"
version = "2.4.4"
source = { registry = "https://pypi.org/simple" }
sdist = { url = "https://files.pythonhosted.org/packages/d7/9f/b8cef5bffa569759033adda9481211426f12f53299629b410340795c2514/numpy-2.4.4.tar.gz", hash = "sha256:2d390634c5182175533585cc89f3608a4682ccb173cc9bb940b2881c8d6f8fa0", size = 20731587, upload-time = "2026-03-29T13:22:01.298Z" }
wheels = [
    { url = "https://files.pythonhosted.org/packages/28/05/32396bec30fb2263770ee910142f49c1476d08e8ad41abf8403806b520ce/numpy-2.4.4-cp312-cp312-macosx_10_13_x86_64.whl", hash = "sha256:15716cfef24d3a9762e3acdf87e27f58dc823d1348f765bbea6bef8c639bfa1b", size = 16689272, upload-time = "2026-03-29T13:18:49.223Z" },
    { url = "https://files.pythonhosted.org/packages/c5/f3/a983d28637bfcd763a9c7aafdb6d5c0ebf3d487d1e1459ffdb57e2f01117/numpy-2.4.4-cp312-cp312-macosx_11_0_arm64.whl", hash = "sha256:23cbfd4c17357c81021f21540da84ee282b9c8fba38a03b7b9d09ba6b951421e", size = 14699573, upload-time = "2026-03-29T13:18:52.629Z" },
    { url = "https://files.pythonhosted.org/packages/9b/fd/e5ecca1e78c05106d98028114f5c00d3eddb41207686b2b7de3e477b0e22/numpy-2.4.4-cp312-cp312-macosx_14_0_arm64.whl", hash = "sha256:8b3b60bb7cba2c8c81837661c488637eee696f59a877788a396d33150c35d842", size = 5204782, upload-time = "2026-03-29T13:18:55.579Z" },
    { url = "https://files.pythonhosted.org/packages/de/2f/702a4594413c1a8632092beae8aba00f1d67947389369b3777aed783fdca/numpy-2.4.4-cp312-cp312-macosx_14_0_x86_64.whl", hash = "sha256:e4a010c27ff6f210ff4c6ef34394cd61470d01014439b192ec22552ee867f2a8", size = 6552038, upload-time = "2026-03-29T13:18:57.769Z" },
    { url = "https://files.pythonhosted.org/packages/7f/37/eed308a8f56cba4d1fdf467a4fc67ef4ff4bf1c888f5fc980481890104b1/numpy-2.4.4-cp312-cp312-manylinux_2_27_aarch64.manylinux_2_28_aarch64.whl", hash = "sha256:f9e75681b59ddaa5e659898085ae0eaea229d054f2ac0c7e563a62205a700121", size = 15670666, upload-time = "2026-03-29T13:19:00.341Z" },
    { url = "https://files.pythonhosted.org/packages/0a/0d/0e3ecece05b7a7e87ab9fb587855548da437a061326fff64a223b6dcb78a/numpy-2.4.4-cp312-cp312-manylinux_2_27_x86_64.manylinux_2_28_x86_64.whl", hash = "sha256:81f4a14bee47aec54f883e0cad2d73986640c1590eb9bfaaba7ad17394481e6e", size = 16645480, upload-time = "2026-03-29T13:19:03.63Z" },
    { url = "https://files.pythonhosted.org/packages/34/49/f2312c154b82a286758ee2f1743336d50651f8b5195db18cdb63675ff649/numpy-2.4.4-cp312-cp312-musllinux_1_2_aarch64.whl", hash = "sha256:62d6b0f03b694173f9fcb1fb317f7222fd0b0b103e784c6549f5e53a27718c44", size = 17020036, upload-time = "2026-03-29T13:19:07.428Z" },
    { url = "https://files.pythonhosted.org/packages/7b/e9/736d17bd77f1b0ec4f9901aaec129c00d59f5d84d5e79bba540ef12c2330/numpy-2.4.4-cp312-cp312-musllinux_1_2_x86_64.whl", hash = "sha256:fbc356aae7adf9e6336d336b9c8111d390a05df88f1805573ebb0807bd06fd1d", size = 18368643, upload-time = "2026-03-29T13:19:10.775Z" },
    { url = "https://files.pythonhosted.org/packages/63/f6/d417977c5f519b17c8a5c3bc9e8304b0908b0e21136fe43bf628a1343914/numpy-2.4.4-cp312-cp312-win32.whl", hash = "sha256:0d35aea54ad1d420c812bfa0385c71cd7cc5bcf7c65fed95fc2cd02fe8c79827", size = 5961117, upload-time = "2026-03-29T13:19:13.464Z" },
    { url = "https://files.pythonhosted.org/packages/2d/5b/e1deebf88ff431b01b7406ca3583ab2bbb90972bbe1c568732e49c844f7e/numpy-2.4.4-cp312-cp312-win_amd64.whl", hash = "sha256:b5f0362dc928a6ecd9db58868fca5e48485205e3855957bdedea308f8672ea4a", size = 12320584, upload-time = "2026-03-29T13:19:16.155Z" },
    { url = "https://files.pythonhosted.org/packages/58/89/e4e856ac82a68c3ed64486a544977d0e7bdd18b8da75b78a577ca31c4395/numpy-2.4.4-cp312-cp312-win_arm64.whl", hash = "sha256:846300f379b5b12cc769334464656bc882e0735d27d9726568bc932fdc49d5ec", size = 10221450, upload-time = "2026-03-29T13:19:18.994Z" },
]

[[package]]
name = "platformdirs"
version = "4.10.0"
source = { registry = "https://pypi.org/simple" }
sdist = { url = "https://files.pythonhosted.org/packages/d7/47/e4501f49c178ae1d9f4a75073fda4204f52647993f075a9db4d14930e0c5/platformdirs-4.10.0.tar.gz", hash = "sha256:31e761a6a0ca04faf7353ea759bdba55652be214725111e5aac52dfa29d4bef7", size = 31224, upload-time = "2026-05-28T03:32:53.587Z" }
wheels = [
    { url = "https://files.pythonhosted.org/packages/81/e6/cd9575ac904136b3cbf7aa7ee819ef86eedb7274e46f230e94ea4342e729/platformdirs-4.10.0-py3-none-any.whl", hash = "sha256:fb516cdb12eb0d857d0cd85a7c57cea4d060bee4578d6cf5a14dfdf8cbf8784a", size = 22743, upload-time = "2026-05-28T03:32:52.175Z" },
]

[[package]]
name = "preprocessor-service"
version = "0.1.0"
source = { virtual = "." }
dependencies = [
    { name = "beautifulsoup4" },
    { name = "confluent-kafka" },
    { name = "contractions" },
    { name = "requests" },
    { name = "stanza" },
    { name = "torch", version = "2.12.0", source = { registry = "https://download.pytorch.org/whl/cpu" }, marker = "sys_platform == 'darwin'" },
    { name = "torch", version = "2.12.0+cpu", source = { registry = "https://download.pytorch.org/whl/cpu" }, marker = "sys_platform != 'darwin'" },
    { name = "tweet-preprocessor" },
]

[package.metadata]
requires-dist = [
    { name = "beautifulsoup4", specifier = "==4.14.3" },
    { name = "confluent-kafka", specifier = "==2.13.2" },
    { name = "contractions", specifier = "==0.1.73" },
    { name = "requests", specifier = "==2.28.1" },
    { name = "stanza", specifier = "==1.12.1" },
    { name = "torch", index = "https://download.pytorch.org/whl/cpu" },
    { name = "tweet-preprocessor", specifier = "==0.6.0" },
]

[[package]]
name = "protobuf"
version = "7.35.0"
source = { registry = "https://pypi.org/simple" }
sdist = { url = "https://files.pythonhosted.org/packages/60/fd/5b1491d9e4b586d621c54f4c36b888714164b6875f8d6afa3f9072906a51/protobuf-7.35.0.tar.gz", hash = "sha256:a2efd84605f41e559f1881b0912b44099d0a2ac9bf46b3474823f10fb393b0e6", size = 458677, upload-time = "2026-05-19T23:02:29.197Z" }
wheels = [
    { url = "https://files.pythonhosted.org/packages/83/ee/93d06e358a4aa32280b00e722d3ea0a1f25fc3cc5778d80581c9cca2c10e/protobuf-7.35.0-cp310-abi3-macosx_10_9_universal2.whl", hash = "sha256:66be6c513931c794fa92c080ffee41671390da3d79da219cf9c0c0907f035dda", size = 433225, upload-time = "2026-05-19T23:02:19.884Z" },
    { url = "https://files.pythonhosted.org/packages/8b/39/1c76c2da93f3c507e958e0aecee2391cc44d4625de6c728bbc555195b5a8/protobuf-7.35.0-cp310-abi3-manylinux2014_aarch64.whl", hash = "sha256:fcbe42a4ac09d3ec9c987ddfcd956afd0b15f1ff613bd8371bde9405ffd5c8e5", size = 328847, upload-time = "2026-05-19T23:02:22.3Z" },
    { url = "https://files.pythonhosted.org/packages/91/1a/39f7ce90a238c1a987a4d81ec26379e02ca0aff367de68e4a1fa474215b9/protobuf-7.35.0-cp310-abi3-manylinux2014_s390x.whl", hash = "sha256:4cbf5cc286130e06a6c9bbefac442431173906dfcc979712183d4adcc01b37ee", size = 344030, upload-time = "2026-05-19T23:02:23.591Z" },
    { url = "https://files.pythonhosted.org/packages/70/5b/6baf9008817964454055ff3fe65f1de0b5f1e26c80c82f7fb108b7cd4ea3/protobuf-7.35.0-cp310-abi3-manylinux2014_x86_64.whl", hash = "sha256:6c0f98f10c8a05ea30f8993dfef2de093d27b490fdae78bb60c8343795d55011", size = 327130, upload-time = "2026-05-19T23:02:24.637Z" },
    { url = "https://files.pythonhosted.org/packages/8e/e5/e46adb0badc388bfb84877a5f9f026aff63f60e611016cf64dbe77e05446/protobuf-7.35.0-cp310-abi3-win32.whl", hash = "sha256:4c4617b83ade0e279d1d2bfe04025a1adb87f9ed657de038620dc0ff959357f6", size = 428946, upload-time = "2026-05-19T23:02:25.741Z" },
    { url = "https://files.pythonhosted.org/packages/a7/ab/547fbd9e16d879dd13c167478f8ae0a83a428008ca07a5e06acdc23ad473/protobuf-7.35.0-cp310-abi3-win_amd64.whl", hash = "sha256:f05bcadf9a2a6b8dda047007075135fb7d08c73d9177aabc067e1be46881a201", size = 439996, upload-time = "2026-05-19T23:02:26.808Z" },
    { url = "https://files.pythonhosted.org/packages/b8/ef/50433d346c56657a70d27f156c7b349ac59a068b01de4eb796e747eecc43/protobuf-7.35.0-py3-none-any.whl", hash = "sha256:c13f325cf242bad135c350629eeb5d54b24228eb472fb3e2e9ebbd4c5dc20ca0", size = 171659, upload-time = "2026-05-19T23:02:27.842Z" },
]

[[package]]
name = "pyahocorasick"
version = "2.3.1"
source = { registry = "https://pypi.org/simple" }
sdist = { url = "https://files.pythonhosted.org/packages/b0/3c/dc9e31a0f004eabe2ef5d31456766555a02e2af29e159daa31266934af79/pyahocorasick-2.3.1.tar.gz", hash = "sha256:9d0f6bb522237ed7f111ed59c9e8baea7d1e75813587b6773babd43bda35db9f", size = 105024, upload-time = "2026-04-27T16:30:25.957Z" }
wheels = [
    { url = "https://files.pythonhosted.org/packages/29/a6/2ee9301a36c9d6bcd7e745e8a98e72fddf1ff1cd3ae899f498383c3ad1c9/pyahocorasick-2.3.1-cp312-cp312-macosx_10_13_universal2.whl", hash = "sha256:f0df14cb10ed1e942a30c0f11d242472452e7c567acbf3ac070e5d6912b71ca9", size = 60112, upload-time = "2026-04-27T16:31:38.39Z" },
    { url = "https://files.pythonhosted.org/packages/7c/c6/f242c7966d8207822d7ecb183101522ca03df5f302ee6520fe4412f03fae/pyahocorasick-2.3.1-cp312-cp312-macosx_11_0_arm64.whl", hash = "sha256:873911f1d80acd82ac00aae277a9a2b335a0c0cac0a0ef1c6635b57badc6f7a6", size = 34154, upload-time = "2026-04-27T16:31:39.719Z" },
    { url = "https://files.pythonhosted.org/packages/f7/01/0a7387a6327f4ef9b7dcf3cea84dfea3e4b0e85eb37a52b612985b1f9a9a/pyahocorasick-2.3.1-cp312-cp312-manylinux2014_aarch64.manylinux_2_17_aarch64.whl", hash = "sha256:9a4d4f5b05ce9d8af82c40ed39cd6892613e9e8bf1b5e6ea79009c566430adb1", size = 113543, upload-time = "2026-04-27T16:31:41.311Z" },
    { url = "https://files.pythonhosted.org/packages/a1/f2/d13807476195e4ec5999a78f22db592a64da54229c9183438f3165105779/pyahocorasick-2.3.1-cp312-cp312-manylinux2014_x86_64.manylinux_2_17_x86_64.whl", hash = "sha256:9ec1d3465f25a5063c7eaa85ecb106cbe256064669c754e0b13b2483cf613a98", size = 114873, upload-time = "2026-04-27T16:31:42.625Z" },
    { url = "https://files.pythonhosted.org/packages/af/32/d79302845be8629f9aee2a3dbeb9ad089b036f089e99589a08814e7e5910/pyahocorasick-2.3.1-cp312-cp312-musllinux_1_2_aarch64.whl", hash = "sha256:e4e1e90eb2e755c79b9b904fd8adcca61c22b4b48811b9435f0c4b2d718895d6", size = 116455, upload-time = "2026-04-27T16:31:44.366Z" },
    { url = "https://files.pythonhosted.org/packages/0e/c9/2e3019eb9f4404dc1fe1309535d1220740cc95275ad1b4a70f7f891cb296/pyahocorasick-2.3.1-cp312-cp312-musllinux_1_2_x86_64.whl", hash = "sha256:e3922f66721b5b777eae758d2a0acffd98ee97dc7e6e452ba533d1c5892e15b7", size = 117863, upload-time = "2026-04-27T16:31:45.831Z" },
    { url = "https://files.pythonhosted.org/packages/3a/6e/5fa2f6fafb7a5bb82cad6e2ef3c8eed7c859ba16242766a5a425e19334b5/pyahocorasick-2.3.1-cp312-cp312-win_amd64.whl", hash = "sha256:f5cc3c021be241fe9317c5991f8efba2b876e3956691322ad9e55c0d9ff7c599", size = 35258, upload-time = "2026-04-27T16:31:47.053Z" },
]

[[package]]
name = "regex"
version = "2026.5.9"
source = { registry = "https://pypi.org/simple" }
sdist = { url = "https://files.pythonhosted.org/packages/dc/0e/49aee608ad09480e7fd276898c99ec6192985fa331abe4eb3a986094490b/regex-2026.5.9.tar.gz", hash = "sha256:a8234aa23ec39894bfe4a3f1b85616a7032481964a13ac6fc9f10de4f6fca270", size = 416074, upload-time = "2026-05-09T23:15:19.37Z" }
wheels = [
    { url = "https://files.pythonhosted.org/packages/50/9b/6550044bc44e17c84d312c031c2ec42fbdb6a4ec4e29093be3a172d08772/regex-2026.5.9-cp312-cp312-macosx_10_13_universal2.whl", hash = "sha256:57eeeb05db7979413dec5438f2db21d7ecbba787cde7a711df1a6f6df672aa06", size = 490451, upload-time = "2026-05-09T23:12:34.72Z" },
    { url = "https://files.pythonhosted.org/packages/1e/95/fc7ba4303b5a0f92446a12ee6778ef2c6c799233f5060042a31bf390cfe9/regex-2026.5.9-cp312-cp312-macosx_10_13_x86_64.whl", hash = "sha256:398c521292f4c7fb807001dcd54694d3a1fcafc179a36ad9cc56f98df85930b6", size = 292112, upload-time = "2026-05-09T23:12:36.285Z" },
    { url = "https://files.pythonhosted.org/packages/54/4b/ee27938d1b2c443e89a9a10e00d2d19aa5ee300cd3d61140644e93bb083e/regex-2026.5.9-cp312-cp312-macosx_11_0_arm64.whl", hash = "sha256:f7a7c26137296beba7784de6eba69c6a93a63ccebc385e4962fe67e267a91225", size = 289599, upload-time = "2026-05-09T23:12:38.089Z" },
    { url = "https://files.pythonhosted.org/packages/d8/dd/ba103dc19614e25f3880800ca67ce093d6e21b325d72b8383c7bf906e9fa/regex-2026.5.9-cp312-cp312-manylinux2014_aarch64.manylinux_2_17_aarch64.manylinux_2_28_aarch64.whl", hash = "sha256:6441cc660d76107934a09c22167200839a0e89604a6297f78a974e66e931d2c0", size = 796732, upload-time = "2026-05-09T23:12:40.062Z" },
    { url = "https://files.pythonhosted.org/packages/cf/e7/f035b4fd858b050b0080bf302968dc0f59ba34e391872d54936758e6844e/regex-2026.5.9-cp312-cp312-manylinux2014_ppc64le.manylinux_2_17_ppc64le.manylinux_2_28_ppc64le.whl", hash = "sha256:91328f1c23d47595ca3ef0a7557fa129c5a23404b775c770697d2f35b33e0107", size = 865440, upload-time = "2026-05-09T23:12:42.059Z" },
    { url = "https://files.pythonhosted.org/packages/0a/51/8cd301ecc899aea28124357f729f4272f44de7806fc7ca02490bfbe253e8/regex-2026.5.9-cp312-cp312-manylinux2014_s390x.manylinux_2_17_s390x.manylinux_2_28_s390x.whl", hash = "sha256:93a7860539414dddaefba2b40f8771765ae17949d4c7182b876ce429e11a8309", size = 912329, upload-time = "2026-05-09T23:12:44.373Z" },
    { url = "https://files.pythonhosted.org/packages/cc/1e/3fbe2fa1e8cebd62f3bb7d3321cff1640aca2e240b51d9bd624aad949260/regex-2026.5.9-cp312-cp312-manylinux2014_x86_64.manylinux_2_17_x86_64.manylinux_2_28_x86_64.whl", hash = "sha256:dd2810d22146b6d838acc5ec15602cb6b47920aa4e33015df3868eedfd20bab8", size = 801239, upload-time = "2026-05-09T23:12:46.268Z" },
    { url = "https://files.pythonhosted.org/packages/17/2f/6f6008682bf2cf98040a0d3153a8e557b6ab728d7713d045cee4ce544ab8/regex-2026.5.9-cp312-cp312-manylinux_2_31_riscv64.manylinux_2_39_riscv64.whl", hash = "sha256:daff2bdbaf1d23e52fdff7c0b7bc2048b68f978df6a4d107ac981f94caef2e66", size = 777054, upload-time = "2026-05-09T23:12:48.051Z" },
    { url = "https://files.pythonhosted.org/packages/19/2b/eee0d20a6842ba04df4b8847a920b57ef56853f14ef85405473e586b605a/regex-2026.5.9-cp312-cp312-musllinux_1_2_aarch64.whl", hash = "sha256:4eeb011098fcb77af513dcef521a3dbecbf8849b1e38940759d293b7a93f5026", size = 785098, upload-time = "2026-05-09T23:12:49.851Z" },
    { url = "https://files.pythonhosted.org/packages/4a/98/6fc1e6410feefb92159edaed5041992bfe390e8d26c721865434acbca558/regex-2026.5.9-cp312-cp312-musllinux_1_2_ppc64le.whl", hash = "sha256:ea9c8ecfa1b73c73b626534d6626e5340d429630943672b8480724f44e84b962", size = 860095, upload-time = "2026-05-09T23:12:51.666Z" },
    { url = "https://files.pythonhosted.org/packages/18/a3/bd855e0f2cb1a978ecf6fa6bb69632dd9c3f6ea3b81cde62fde14c9daec7/regex-2026.5.9-cp312-cp312-musllinux_1_2_riscv64.whl", hash = "sha256:cd2846168eb9ee3c513902bc8225409cb1caab31d04728b145171fa1625d9621", size = 765762, upload-time = "2026-05-09T23:12:53.413Z" },
    { url = "https://files.pythonhosted.org/packages/dc/66/0ae8c092e60b14c79d24f8e0b7f0aea5bfbffdcab00b5483d13404d3c3a5/regex-2026.5.9-cp312-cp312-musllinux_1_2_s390x.whl", hash = "sha256:39617fb0cde9c0e6306dc70e3bfc096f3da793219879f7ae7aa341a69fbdcf6d", size = 852100, upload-time = "2026-05-09T23:12:55.256Z" },
    { url = "https://files.pythonhosted.org/packages/21/de/8dfde60fc1b21c946a893ba273403b72617edb261370cb1087099a83f088/regex-2026.5.9-cp312-cp312-musllinux_1_2_x86_64.whl", hash = "sha256:fd03c4f0e33280d15cae17159b899245d6b7c53d21def19b263b39655061f5ce", size = 789479, upload-time = "2026-05-09T23:12:57.573Z" },
    { url = "https://files.pythonhosted.org/packages/c3/1c/bdcc98f9a4af4fdd166c74941174619ccff4726d3ce32faa8e9a2ecd38dd/regex-2026.5.9-cp312-cp312-win32.whl", hash = "sha256:164eba9b755ea6f244b0d881196fbc1fac09714e9782c9e2732b813142033c8e", size = 266699, upload-time = "2026-05-09T23:12:59.14Z" },
    { url = "https://files.pythonhosted.org/packages/78/87/240d36864f9e48ace85f72e79ced97ceb7f27ce87739a947dcb834b4e6bc/regex-2026.5.9-cp312-cp312-win_amd64.whl", hash = "sha256:86f40a5d6444db30a125c9c9177e6b25dad981cbc37451fd838f145e6edac92e", size = 277783, upload-time = "2026-05-09T23:13:00.789Z" },
    { url = "https://files.pythonhosted.org/packages/4f/b5/7b30f312b0669dff5beebe5b0989dc2d1a312b1a44fab852199c387a5b96/regex-2026.5.9-cp312-cp312-win_arm64.whl", hash = "sha256:96f5f58b54a063d7ea9dca08e1cf57bfe10499c4d579ee672da284f57f5f0070", size = 270513, upload-time = "2026-05-09T23:13:02.426Z" },
]

[[package]]
name = "requests"
version = "2.28.1"
source = { registry = "https://pypi.org/simple" }
dependencies = [
    { name = "certifi" },
    { name = "charset-normalizer" },
    { name = "idna" },
    { name = "urllib3" },
]
sdist = { url = "https://files.pythonhosted.org/packages/a5/61/a867851fd5ab77277495a8709ddda0861b28163c4613b011bc00228cc724/requests-2.28.1.tar.gz", hash = "sha256:7c5599b102feddaa661c826c56ab4fee28bfd17f5abca1ebbe3e7f19d7c97983", size = 109805, upload-time = "2022-06-29T15:13:42.715Z" }
wheels = [
    { url = "https://files.pythonhosted.org/packages/ca/91/6d9b8ccacd0412c08820f72cebaa4f0c0441b5cda699c90f618b6f8a1b42/requests-2.28.1-py3-none-any.whl", hash = "sha256:8fefa2a1a1365bf5520aac41836fbee479da67864514bdb821f31ce07ce65349", size = 62843, upload-time = "2022-06-29T15:13:40.685Z" },
]

[[package]]
name = "setuptools"
version = "70.2.0"
source = { registry = "https://pypi.org/simple" }
sdist = { url = "https://files.pythonhosted.org/packages/8d/e6/2fc95aec377988ff3ca882aa58d4f6ab35ff59a12b1611a9fe3075eb3019/setuptools-70.2.0.tar.gz", hash = "sha256:bd63e505105011b25c3c11f753f7e3b8465ea739efddaccef8f0efac2137bac1", size = 2332711, upload-time = "2024-07-01T16:32:41.666Z" }
wheels = [
    { url = "https://files.pythonhosted.org/packages/42/54/2a8ecfcc9a714a6fbf86559a4b0f50b126a4ac4269ea8134f2c75c3e73de/setuptools-70.2.0-py3-none-any.whl", hash = "sha256:b8b8060bb426838fbe942479c90296ce976249451118ef566a5a0b7d8b78fb05", size = 930834, upload-time = "2024-07-01T16:32:34.354Z" },
]

[[package]]
name = "soupsieve"
version = "2.8.4"
source = { registry = "https://pypi.org/simple" }
sdist = { url = "https://files.pythonhosted.org/packages/47/2c/0a5f6f8ee0d5589e48c7640213ed5175d52cf540a06725b628cc1a45d6ce/soupsieve-2.8.4.tar.gz", hash = "sha256:e121fd02e975c695e4e9e8774a5ee35d74714b59307868dcc5319ad2d9e3328e", size = 121110, upload-time = "2026-05-24T13:55:57.154Z" }
wheels = [
    { url = "https://files.pythonhosted.org/packages/5e/f5/0c41cb68dcae6b7de4fac4188a3a9589e21fb31df21ea3a2e888db95e6c9/soupsieve-2.8.4-py3-none-any.whl", hash = "sha256:e7e6b0769c8f51ed59acab6e994b00621096cfb1c640a7509295987388fbaf65", size = 37304, upload-time = "2026-05-24T13:55:55.406Z" },
]

[[package]]
name = "stanza"
version = "1.12.1"
source = { registry = "https://pypi.org/simple" }
dependencies = [
    { name = "emoji" },
    { name = "networkx" },
    { name = "numpy" },
    { name = "platformdirs" },
    { name = "protobuf" },
    { name = "requests" },
    { name = "torch", version = "2.12.0", source = { registry = "https://download.pytorch.org/whl/cpu" }, marker = "sys_platform == 'darwin'" },
    { name = "torch", version = "2.12.0+cpu", source = { registry = "https://download.pytorch.org/whl/cpu" }, marker = "sys_platform != 'darwin'" },
    { name = "tqdm" },
    { name = "udtools" },
]
sdist = { url = "https://files.pythonhosted.org/packages/bd/3c/4d39f26810c1e8521d3437122fcd3fa61e103649c7e4f2c29ac685b9f6f6/stanza-1.12.1.tar.gz", hash = "sha256:b7e1e43369d0b19fe8894af557084334c67273e779d7ea164096c04356abf184", size = 1573421, upload-time = "2026-05-28T02:07:40.684Z" }
wheels = [
    { url = "https://files.pythonhosted.org/packages/23/d2/f655c6ad3be4e174e4667ecfff0aa442c34905e424185dfb37b7ee9b5699/stanza-1.12.1-py3-none-any.whl", hash = "sha256:bf8068bc1803e84d024d074cdc47e707a66885c82194889fc3c790efe53e25e1", size = 1807129, upload-time = "2026-05-28T02:07:36.835Z" },
]

[[package]]
name = "sympy"
version = "1.14.0"
source = { registry = "https://pypi.org/simple" }
dependencies = [
    { name = "mpmath" },
]
sdist = { url = "https://files.pythonhosted.org/packages/83/d3/803453b36afefb7c2bb238361cd4ae6125a569b4db67cd9e79846ba2d68c/sympy-1.14.0.tar.gz", hash = "sha256:d3d3fe8df1e5a0b42f0e7bdf50541697dbe7d23746e894990c030e2b05e72517", size = 7793921, upload-time = "2025-04-27T18:05:01.611Z" }
wheels = [
    { url = "https://files.pythonhosted.org/packages/a2/09/77d55d46fd61b4a135c444fc97158ef34a095e5681d0a6c10b75bf356191/sympy-1.14.0-py3-none-any.whl", hash = "sha256:e091cc3e99d2141a0ba2847328f5479b05d94a6635cb96148ccb3f34671bd8f5", size = 6299353, upload-time = "2025-04-27T18:04:59.103Z" },
]

[[package]]
name = "termcolor"
version = "3.3.0"
source = { registry = "https://pypi.org/simple" }
sdist = { url = "https://files.pythonhosted.org/packages/46/79/cf31d7a93a8fdc6aa0fbb665be84426a8c5a557d9240b6239e9e11e35fc5/termcolor-3.3.0.tar.gz", hash = "sha256:348871ca648ec6a9a983a13ab626c0acce02f515b9e1983332b17af7979521c5", size = 14434, upload-time = "2025-12-29T12:55:21.882Z" }
wheels = [
    { url = "https://files.pythonhosted.org/packages/33/d1/8bb87d21e9aeb323cc03034f5eaf2c8f69841e40e4853c2627edf8111ed3/termcolor-3.3.0-py3-none-any.whl", hash = "sha256:cf642efadaf0a8ebbbf4bc7a31cec2f9b5f21a9f726f4ccbb08192c9c26f43a5", size = 7734, upload-time = "2025-12-29T12:55:20.718Z" },
]

[[package]]
name = "textsearch"
version = "0.0.24"
source = { registry = "https://pypi.org/simple" }
dependencies = [
    { name = "anyascii" },
    { name = "pyahocorasick" },
]
sdist = { url = "https://files.pythonhosted.org/packages/5e/7c/18ab4807196aac89a114a98732462436cbd48db16873dc4669087f354bc7/textsearch-0.0.24.tar.gz", hash = "sha256:2d23b5c3116715b65bccc18bc870ecc236ec8480d48cd5f257cc60bf66bb241a", size = 49755, upload-time = "2022-09-02T14:04:42.124Z" }
wheels = [
    { url = "https://files.pythonhosted.org/packages/e2/0f/6f08dd89e9d71380a369b1f5b6c97a32d62fc9cfacc1c5b8329505b9e495/textsearch-0.0.24-py2.py3-none-any.whl", hash = "sha256:1bbc4cc36300fbf0bbaa865500f84e907c85f6a48faf37da6e098407b405ed09", size = 7606, upload-time = "2022-09-02T14:04:40.105Z" },
]

[[package]]
name = "torch"
version = "2.12.0"
source = { registry = "https://download.pytorch.org/whl/cpu" }
resolution-markers = [
    "sys_platform == 'darwin'",
]
dependencies = [
    { name = "filelock", marker = "sys_platform == 'darwin'" },
    { name = "fsspec", marker = "sys_platform == 'darwin'" },
    { name = "jinja2", marker = "sys_platform == 'darwin'" },
    { name = "networkx", marker = "sys_platform == 'darwin'" },
    { name = "setuptools", marker = "sys_platform == 'darwin'" },
    { name = "sympy", marker = "sys_platform == 'darwin'" },
    { name = "typing-extensions", marker = "sys_platform == 'darwin'" },
]
wheels = [
    { url = "https://download-r2.pytorch.org/whl/cpu/torch-2.12.0-cp312-cp312-macosx_14_0_arm64.whl", hash = "sha256:b41339df93d491435e790ff8bcbae1c0ce777175889bfd1281d119862793e6a2", upload-time = "2026-05-12T16:20:12Z" },
]

[[package]]
name = "torch"
version = "2.12.0+cpu"
source = { registry = "https://download.pytorch.org/whl/cpu" }
resolution-markers = [
    "sys_platform != 'darwin'",
]
dependencies = [
    { name = "filelock", marker = "sys_platform != 'darwin'" },
    { name = "fsspec", marker = "sys_platform != 'darwin'" },
    { name = "jinja2", marker = "sys_platform != 'darwin'" },
    { name = "networkx", marker = "sys_platform != 'darwin'" },
    { name = "setuptools", marker = "sys_platform != 'darwin'" },
    { name = "sympy", marker = "sys_platform != 'darwin'" },
    { name = "typing-extensions", marker = "sys_platform != 'darwin'" },
]
wheels = [
    { url = "https://download-r2.pytorch.org/whl/cpu/torch-2.12.0%2Bcpu-cp312-cp312-linux_s390x.whl", hash = "sha256:b9d0e8eed0af9321ffb12b75f4aca371b071254f12cf75875d5a8e7cc8f52b51", upload-time = "2026-05-12T23:16:33Z" },
    { url = "https://download-r2.pytorch.org/whl/cpu/torch-2.12.0%2Bcpu-cp312-cp312-manylinux_2_28_aarch64.whl", hash = "sha256:ce2ddb880b0813fcc91a737f08fdd973a8115a74c64ccb34e9c09a7964b4d448", upload-time = "2026-05-12T23:16:40Z" },
    { url = "https://download-r2.pytorch.org/whl/cpu/torch-2.12.0%2Bcpu-cp312-cp312-manylinux_2_28_x86_64.whl", hash = "sha256:5e3dc83725581fa38b7b2e45c58692e30b2a3cde19191af54b675ffcac3840a6", upload-time = "2026-05-12T23:16:48Z" },
    { url = "https://download-r2.pytorch.org/whl/cpu/torch-2.12.0%2Bcpu-cp312-cp312-win_amd64.whl", hash = "sha256:70ead47f538417323a230c0e743e5cbb6d91f11bd8339abf8c05c9d02f8409bc", upload-time = "2026-05-12T23:16:56Z" },
    { url = "https://download-r2.pytorch.org/whl/cpu/torch-2.12.0%2Bcpu-cp312-cp312-win_arm64.whl", hash = "sha256:5a3b24f429d126a08acafd5cfe8b719409618ad57c49bf4f20df4f8cd32cd682", upload-time = "2026-05-12T23:17:00Z" },
]

[[package]]
name = "tqdm"
version = "4.66.5"
source = { registry = "https://pypi.org/simple" }
dependencies = [
    { name = "colorama", marker = "sys_platform == 'win32'" },
]
sdist = { url = "https://files.pythonhosted.org/packages/58/83/6ba9844a41128c62e810fddddd72473201f3eacde02046066142a2d96cc5/tqdm-4.66.5.tar.gz", hash = "sha256:e1020aef2e5096702d8a025ac7d16b1577279c9d63f8375b63083e9a5f0fcbad", size = 169504, upload-time = "2024-08-03T22:35:40.339Z" }
wheels = [
    { url = "https://files.pythonhosted.org/packages/48/5d/acf5905c36149bbaec41ccf7f2b68814647347b72075ac0b1fe3022fdc73/tqdm-4.66.5-py3-none-any.whl", hash = "sha256:90279a3770753eafc9194a0364852159802111925aa30eb3f9d85b0e805ac7cd", size = 78351, upload-time = "2024-08-03T22:35:36.644Z" },
]

[[package]]
name = "tweet-preprocessor"
version = "0.6.0"
source = { registry = "https://pypi.org/simple" }
sdist = { url = "https://files.pythonhosted.org/packages/08/7e/60d1b535babb9f90e6809ad16484e8d634bc179056da7438fb8887e1524d/tweet-preprocessor-0.6.0.tar.gz", hash = "sha256:827d20d4c3ab8f8c3a084a56991b061be77bdf1d2e30b6b0d930f7f0e140b961", size = 14749, upload-time = "2020-05-24T00:14:04.556Z" }
wheels = [
    { url = "https://files.pythonhosted.org/packages/17/9d/71bd016a9edcef8860c607e531f30bd09b13103c7951ae73dd2bf174163c/tweet_preprocessor-0.6.0-py3-none-any.whl", hash = "sha256:303ce6f1c788cde01eb279a2cc5035d493a31b5a2fb7f8e2a1679d7e1e3e1fa6", size = 27620, upload-time = "2020-05-24T00:14:02.645Z" },
]

[[package]]
name = "typing-extensions"
version = "4.15.0"
source = { registry = "https://pypi.org/simple" }
sdist = { url = "https://files.pythonhosted.org/packages/72/94/1a15dd82efb362ac84269196e94cf00f187f7ed21c242792a923cdb1c61f/typing_extensions-4.15.0.tar.gz", hash = "sha256:0cea48d173cc12fa28ecabc3b837ea3cf6f38c6d1136f85cbaaf598984861466", size = 109391, upload-time = "2025-08-25T13:49:26.313Z" }
wheels = [
    { url = "https://files.pythonhosted.org/packages/18/67/36e9267722cc04a6b9f15c7f3441c2363321a3ea07da7ae0c0707beb2a9c/typing_extensions-4.15.0-py3-none-any.whl", hash = "sha256:f0fa19c6845758ab08074a0cfa8b7aecb71c999ca73d62883bc25cc018c4e548", size = 44614, upload-time = "2025-08-25T13:49:24.86Z" },
]

[[package]]
name = "udapi"
version = "0.5.2"
source = { registry = "https://pypi.org/simple" }
dependencies = [
    { name = "colorama" },
    { name = "termcolor" },
]
sdist = { url = "https://files.pythonhosted.org/packages/52/ce/ad2ddbd1f1adc8818709aa76e0743361fdac7d2de0d72c7724347d206d41/udapi-0.5.2.tar.gz", hash = "sha256:bea62dd380a885a485cb7810ce69d5154ba3f9345140e6198e0b39858ecb9ae8", size = 321364, upload-time = "2026-03-16T17:45:43.751Z" }
wheels = [
    { url = "https://files.pythonhosted.org/packages/c0/bf/7314295832b37c6c02ebafdac3a240cc557674a2a61a27a6291f32abdd50/udapi-0.5.2-py3-none-any.whl", hash = "sha256:d75939dbdb224b973acc88b9c8074fd864d7b98e05e084fef54e7f02297aa8a7", size = 418680, upload-time = "2026-03-16T17:45:42.173Z" },
]

[[package]]
name = "udtools"
version = "0.2.7"
source = { registry = "https://pypi.org/simple" }
dependencies = [
    { name = "regex" },
    { name = "udapi" },
]
sdist = { url = "https://files.pythonhosted.org/packages/d5/c5/ec0e1cd4238e3a7ed564fe8a4a027587d00a59acf0e7ae9f121e94eb0994/udtools-0.2.7.tar.gz", hash = "sha256:423396ececa70e2903c2c7cc1e6a259716122550cf41f77c1c2261ee27852213", size = 1687968, upload-time = "2026-01-08T15:21:50.303Z" }
wheels = [
    { url = "https://files.pythonhosted.org/packages/0a/6d/504e02a92690db238ad11a67f1dae46b8e9615a5497124c9a38e2207f451/udtools-0.2.7-py3-none-any.whl", hash = "sha256:a394372f081a673056995723770362fbe77b0291a86b11ea5d59f2957793442f", size = 773663, upload-time = "2026-01-08T15:21:48.667Z" },
]

[[package]]
name = "urllib3"
version = "1.26.13"
source = { registry = "https://pypi.org/simple" }
sdist = { url = "https://files.pythonhosted.org/packages/c2/51/32da03cf19d17d46cce5c731967bf58de9bd71db3a379932f53b094deda4/urllib3-1.26.13.tar.gz", hash = "sha256:c083dd0dce68dbfbe1129d5271cb90f9447dea7d52097c6e0126120c521ddea8", size = 300476, upload-time = "2022-11-23T22:34:32.145Z" }
wheels = [
    { url = "https://files.pythonhosted.org/packages/65/0c/cc6644eaa594585e5875f46f3c83ee8762b647b51fc5b0fb253a242df2dc/urllib3-1.26.13-py2.py3-none-any.whl", hash = "sha256:47cc05d99aaa09c9e72ed5809b60e7ba354e64b59c9c173ac3018642d8bb41fc", size = 140572, upload-time = "2022-11-23T22:34:29.785Z" },
]
